
Microsoft Visual Studio Solution File, Format Version 12.00
# Visual Studio Version 17
VisualStudioVersion = 17.1.32319.34
MinimumVisualStudioVersion = 10.0.40219.1
Project("{FAE04EC0-301F-11D3-BF4B-00C04F79EFBC}") = "AbstractClassVsInterface", "AbstractClassVsInterface\AbstractClassVsInterface.csproj", "{7694D948-5FB1-4D6E-930E-0522DE54A194}"
EndProject
Global
	GlobalSection(SolutionConfigurationPlatforms) = preSolution
		Debug|Any CPU = Debug|Any CPU
		Release|Any CPU = Release|Any CPU
	EndGlobalSection
	GlobalSection(ProjectConfigurationPlatforms) = postSolution
		{7694D948-5FB1-4D6E-930E-0522DE54A194}.Debug|Any CPU.ActiveCfg = Debug|Any CPU
		{7694D948-5FB1-4D6E-930E-0522DE54A194}.Debug|Any CPU.Build.0 = Debug|Any CPU
		{7694D948-5FB1-4D6E-930E-0522DE54A194}.Release|Any CPU.ActiveCfg = Release|Any CPU
		{7694D948-5FB1-4D6E-930E-0522DE54A194}.Release|Any CPU.Build.0 = Release|Any CPU
	EndGlobalSection
	GlobalSection(SolutionProperties) = preSolution
		HideSolutionNode = FALSE
	EndGlobalSection
	GlobalSection(ExtensibilityGlobals) = postSolution
		SolutionGuid = {F8E111F0-BDEA-4400-8A1B-A6DCA2E0C935}
	EndGlobalSection
EndGlobal
